
Microsoft Visual Studio Solution File, Format Version 12.00
# Visual Studio Version 17
VisualStudioVersion = 17.13.35913.81 d17.13
MinimumVisualStudioVersion = 10.0.40219.1
Project("{FAE04EC0-301F-11D3-BF4B-00C04F79EFBC}") = "nguyenthiyennhi_2122110579_buoi2", "nguyenthiyennhi_2122110579_buoi2\nguyenthiyennhi_2122110579_buoi2.csproj", "{715945D8-A0C1-4947-BA1A-206353BA2760}"
EndProject
Global
	GlobalSection(SolutionConfigurationPlatforms) = preSolution
		Debug|Any CPU = Debug|Any CPU
		Release|Any CPU = Release|Any CPU
	EndGlobalSection
	GlobalSection(ProjectConfigurationPlatforms) = postSolution
		{715945D8-A0C1-4947-BA1A-206353BA2760}.Debug|Any CPU.ActiveCfg = Debug|Any CPU
		{715945D8-A0C1-4947-BA1A-206353BA2760}.Debug|Any CPU.Build.0 = Debug|Any CPU
		{715945D8-A0C1-4947-BA1A-206353BA2760}.Release|Any CPU.ActiveCfg = Release|Any CPU
		{715945D8-A0C1-4947-BA1A-206353BA2760}.Release|Any CPU.Build.0 = Release|Any CPU
	EndGlobalSection
	GlobalSection(SolutionProperties) = preSolution
		HideSolutionNode = FALSE
	EndGlobalSection
	GlobalSection(ExtensibilityGlobals) = postSolution
		SolutionGuid = {911A5C3F-1DB4-4236-8D62-A37D4695C5E9}
	EndGlobalSection
EndGlobal
